// !$*UTF8*$!
{
	archiveVersion = 1;
	classes = {
	};
	objectVersion = 46;
	objects = {

/* Begin PBXBuildFile section */
		CC6413C319ED76EB006566BA /* main.m in Sources */ = {isa = PBXBuildFile; fileRef = CC6413C219ED76EB006566BA /* main.m */; };
		CC6413C619ED76EB006566BA /* AppDelegate.m in Sources */ = {isa = PBXBuildFile; fileRef = CC6413C519ED76EB006566BA /* AppDelegate.m */; };
		CC6413C919ED76EB006566BA /* MobileMapper.xcdatamodeld in Sources */ = {isa = PBXBuildFile; fileRef = CC6413C719ED76EB006566BA /* MobileMapper.xcdatamodeld */; };
		CC6413CC19ED76EB006566BA /* ViewController.m in Sources */ = {isa = PBXBuildFile; fileRef = CC6413CB19ED76EB006566BA /* ViewController.m */; };
		CC6413CF19ED76EB006566BA /* Main.storyboard in Resources */ = {isa = PBXBuildFile; fileRef = CC6413CD19ED76EB006566BA /* Main.storyboard */; };
		CC6413D119ED76EB006566BA /* Images.xcassets in Resources */ = {isa = PBXBuildFile; fileRef = CC6413D019ED76EB006566BA /* Images.xcassets */; };
		CC6413D419ED76EB006566BA /* LaunchScreen.xib in Resources */ = {isa = PBXBuildFile; fileRef = CC6413D219ED76EB006566BA /* LaunchScreen.xib */; };
		CC6413E019ED76EB006566BA /* MobileMapperTests.m in Sources */ = {isa = PBXBuildFile; fileRef = CC6413DF19ED76EB006566BA /* MobileMapperTests.m */; };
		CC6413EA19ED76F7006566BA /* MapKit.framework in Frameworks */ = {isa = PBXBuildFile; fileRef = CC6413E919ED76F7006566BA /* MapKit.framework */; };
/* End PBXBuildFile section */

/* Begin PBXContainerItemProxy section */
		CC6413DA19ED76EB006566BA /* PBXContainerItemProxy */ = {
			isa = PBXContainerItemProxy;
			containerPortal = CC6413B519ED76EB006566BA /* Project object */;
			proxyType = 1;
			remoteGlobalIDString = CC6413BC19ED76EB006566BA;
			remoteInfo = MobileMapper;
		};
/* End PBXContainerItemProxy section */

/* Begin PBXFileReference section */
		CC6413BD19ED76EB006566BA /* MobileMapper.app */ = {isa = PBXFileReference; explicitFileType = wrapper.application; includeInIndex = 0; path = MobileMapper.app; sourceTree = BUILT_PRODUCTS_DIR; };
		CC6413C119ED76EB006566BA /* Info.plist */ = {isa = PBXFileReference; lastKnownFileType = text.plist.xml; path = Info.plist; sourceTree = "<group>"; };
		CC6413C219ED76EB006566BA /* main.m */ = {isa = PBXFileReference; lastKnownFileType = sourcecode.c.objc; path = main.m; sourceTree = "<group>"; };
		CC6413C419ED76EB006566BA /* AppDelegate.h */ = {isa = PBXFileReference; lastKnownFileType = sourcecode.c.h; path = AppDelegate.h; sourceTree = "<group>"; };
		CC6413C519ED76EB006566BA /* AppDelegate.m */ = {isa = PBXFileReference; lastKnownFileType = sourcecode.c.objc; path = AppDelegate.m; sourceTree = "<group>"; };
		CC6413C819ED76EB006566BA /* MobileMapper.xcdatamodel */ = {isa = PBXFileReference; lastKnownFileType = wrapper.xcdatamodel; path = MobileMapper.xcdatamodel; sourceTree = "<group>"; };
		CC6413CA19ED76EB006566BA /* ViewController.h */ = {isa = PBXFileReference; lastKnownFileType = sourcecode.c.h; path = ViewController.h; sourceTree = "<group>"; };
		CC6413CB19ED76EB006566BA /* ViewController.m */ = {isa = PBXFileReference; lastKnownFileType = sourcecode.c.objc; path = ViewController.m; sourceTree = "<group>"; };
		CC6413CE19ED76EB006566BA /* Base */ = {isa = PBXFileReference; lastKnownFileType = file.storyboard; name = Base; path = Base.lproj/Main.storyboard; sourceTree = "<group>"; };
		CC6413D019ED76EB006566BA /* Images.xcassets */ = {isa = PBXFileReference; lastKnownFileType = folder.assetcatalog; path = Images.xcassets; sourceTree = "<group>"; };
		CC6413D319ED76EB006566BA /* Base */ = {isa = PBXFileReference; lastKnownFileType = file.xib; name = Base; path = Base.lproj/LaunchScreen.xib; sourceTree = "<group>"; };
		CC6413D919ED76EB006566BA /* MobileMapperTests.xctest */ = {isa = PBXFileReference; explicitFileType = wrapper.cfbundle; includeInIndex = 0; path = MobileMapperTests.xctest; sourceTree = BUILT_PRODUCTS_DIR; };
		CC6413DE19ED76EB006566BA /* Info.plist */ = {isa = PBXFileReference; lastKnownFileType = text.plist.xml; path = Info.plist; sourceTree = "<group>"; };
		CC6413DF19ED76EB006566BA /* MobileMapperTests.m */ = {isa = PBXFileReference; lastKnownFileType = sourcecode.c.objc; path = MobileMapperTests.m; sourceTree = "<group>"; };
		CC6413E919ED76F7006566BA /* MapKit.framework */ = {isa = PBXFileReference; lastKnownFileType = wrapper.framework; name = MapKit.framework; path = System/Library/Frameworks/MapKit.framework; sourceTree = SDKROOT; };
/* End PBXFileReference section */

/* Begin PBXFrameworksBuildPhase section */
		CC6413BA19ED76EB006566BA /* Frameworks */ = {
			isa = PBXFrameworksBuildPhase;
			buildActionMask = 2147483647;
			files = (
				CC6413EA19ED76F7006566BA /* MapKit.framework in Frameworks */,
			);
			runOnlyForDeploymentPostprocessing = 0;
		};
		CC6413D619ED76EB006566BA /* Frameworks */ = {
			isa = PBXFrameworksBuildPhase;
			buildActionMask = 2147483647;
			files = (
			);
			runOnlyForDeploymentPostprocessing = 0;
		};
/* End PBXFrameworksBuildPhase section */

/* Begin PBXGroup section */
		CC6413B419ED76EB006566BA = {
			isa = PBXGroup;
			children = (
				CC6413E919ED76F7006566BA /* MapKit.framework */,
				CC6413BF19ED76EB006566BA /* MobileMapper */,
				CC6413DC19ED76EB006566BA /* MobileMapperTests */,
				CC6413BE19ED76EB006566BA /* Products */,
			);
			sourceTree = "<group>";
		};
		CC6413BE19ED76EB006566BA /* Products */ = {
			isa = PBXGroup;
			children = (
				CC6413BD19ED76EB006566BA /* MobileMapper.app */,
				CC6413D919ED76EB006566BA /* MobileMapperTests.xctest */,
			);
			name = Products;
			sourceTree = "<group>";
		};
		CC6413BF19ED76EB006566BA /* MobileMapper */ = {
			isa = PBXGroup;
			children = (
				CC6413C419ED76EB006566BA /* AppDelegate.h */,
				CC6413C519ED76EB006566BA /* AppDelegate.m */,
				CC6413CA19ED76EB006566BA /* ViewController.h */,
				CC6413CB19ED76EB006566BA /* ViewController.m */,
				CC6413CD19ED76EB006566BA /* Main.storyboard */,
				CC6413D019ED76EB006566BA /* Images.xcassets */,
				CC6413D219ED76EB006566BA /* LaunchScreen.xib */,
				CC6413C719ED76EB006566BA /* MobileMapper.xcdatamodeld */,
				CC6413C019ED76EB006566BA /* Supporting Files */,
			);
			path = MobileMapper;
			sourceTree = "<group>";
		};
		CC6413C019ED76EB006566BA /* Supporting Files */ = {
			isa = PBXGroup;
			children = (
				CC6413C119ED76EB006566BA /* Info.plist */,
				CC6413C219ED76EB006566BA /* main.m */,
			);
			name = "Supporting Files";
			sourceTree = "<group>";
		};
		CC6413DC19ED76EB006566BA /* MobileMapperTests */ = {
			isa = PBXGroup;
			children = (
				CC6413DF19ED76EB006566BA /* MobileMapperTests.m */,
				CC6413DD19ED76EB006566BA /* Supporting Files */,
			);
			path = MobileMapperTests;
			sourceTree = "<group>";
		};
		CC6413DD19ED76EB006566BA /* Supporting Files */ = {
			isa = PBXGroup;
			children = (
				CC6413DE19ED76EB006566BA /* Info.plist */,
			);
			name = "Supporting Files";
			sourceTree = "<group>";
		};
/* End PBXGroup section */

/* Begin PBXNativeTarget section */
		CC6413BC19ED76EB006566BA /* MobileMapper */ = {
			isa = PBXNativeTarget;
			buildConfigurationList = CC6413E319ED76EB006566BA /* Build configuration list for PBXNativeTarget "MobileMapper" */;
			buildPhases = (
				CC6413B919ED76EB006566BA /* Sources */,
				CC6413BA19ED76EB006566BA /* Frameworks */,
				CC6413BB19ED76EB006566BA /* Resources */,
			);
			buildRules = (
			);
			dependencies = (
			);
			name = MobileMapper;
			productName = MobileMapper;
			productReference = CC6413BD19ED76EB006566BA /* MobileMapper.app */;
			productType = "com.apple.product-type.application";
		};
		CC6413D819ED76EB006566BA /* MobileMapperTests */ = {
			isa = PBXNativeTarget;
			buildConfigurationList = CC6413E619ED76EB006566BA /* Build configuration list for PBXNativeTarget "MobileMapperTests" */;
			buildPhases = (
				CC6413D519ED76EB006566BA /* Sources */,
				CC6413D619ED76EB006566BA /* Frameworks */,
				CC6413D719ED76EB006566BA /* Resources */,
			);
			buildRules = (
			);
			dependencies = (
				CC6413DB19ED76EB006566BA /* PBXTargetDependency */,
			);
			name = MobileMapperTests;
			productName = MobileMapperTests;
			productReference = CC6413D919ED76EB006566BA /* MobileMapperTests.xctest */;
			productType = "com.apple.product-type.bundle.unit-test";
		};
/* End PBXNativeTarget section */

/* Begin PBXProject section */
		CC6413B519ED76EB006566BA /* Project object */ = {
			isa = PBXProject;
			attributes = {
				LastUpgradeCheck = 0600;
				ORGANIZATIONNAME = "MIKE LAND";
				TargetAttributes = {
					CC6413BC19ED76EB006566BA = {
						CreatedOnToolsVersion = 6.0.1;
					};
					CC6413D819ED76EB006566BA = {
						CreatedOnToolsVersion = 6.0.1;
						TestTargetID = CC6413BC19ED76EB006566BA;
					};
				};
			};
			buildConfigurationList = CC6413B819ED76EB006566BA /* Build configuration list for PBXProject "MobileMapper" */;
			compatibilityVersion = "Xcode 3.2";
			developmentRegion = English;
			hasScannedForEncodings = 0;
			knownRegions = (
				en,
				Base,
			);
			mainGroup = CC6413B419ED76EB006566BA;
			productRefGroup = CC6413BE19ED76EB006566BA /* Products */;
			projectDirPath = "";
			projectRoot = "";
			targets = (
				CC6413BC19ED76EB006566BA /* MobileMapper */,
				CC6413D819ED76EB006566BA /* MobileMapperTests */,
			);
		};
/* End PBXProject section */

/* Begin PBXResourcesBuildPhase section */
		CC6413BB19ED76EB006566BA /* Resources */ = {
			isa = PBXResourcesBuildPhase;
			buildActionMask = 2147483647;
			files = (
				CC6413CF19ED76EB006566BA /* Main.storyboard in Resources */,
				CC6413D419ED76EB006566BA /* LaunchScreen.xib in Resources */,
				CC6413D119ED76EB006566BA /* Images.xcassets in Resources */,
			);
			runOnlyForDeploymentPostprocessing = 0;
		};
		CC6413D719ED76EB006566BA /* Resources */ = {
			isa = PBXResourcesBuildPhase;
			buildActionMask = 2147483647;
			files = (
			);
			runOnlyForDeploymentPostprocessing = 0;
		};
/* End PBXResourcesBuildPhase section */

/* Begin PBXSourcesBuildPhase section */
		CC6413B919ED76EB006566BA /* Sources */ = {
			isa = PBXSourcesBuildPhase;
			buildActionMask = 2147483647;
			files = (
				CC6413C919ED76EB006566BA /* MobileMapper.xcdatamodeld in Sources */,
				CC6413C619ED76EB006566BA /* AppDelegate.m in Sources */,
				CC6413CC19ED76EB006566BA /* ViewController.m in Sources */,
				CC6413C319ED76EB006566BA /* main.m in Sources */,
			);
			runOnlyForDeploymentPostprocessing = 0;
		};
		CC6413D519ED76EB006566BA /* Sources */ = {
			isa = PBXSourcesBuildPhase;
			buildActionMask = 2147483647;
			files = (
				CC6413E019ED76EB006566BA /* MobileMapperTests.m in Sources */,
			);
			runOnlyForDeploymentPostprocessing = 0;
		};
/* End PBXSourcesBuildPhase section */

/* Begin PBXTargetDependency section */
		CC6413DB19ED76EB006566BA /* PBXTargetDependency */ = {
			isa = PBXTargetDependency;
			target = CC6413BC19ED76EB006566BA /* MobileMapper */;
			targetProxy = CC6413DA19ED76EB006566BA /* PBXContainerItemProxy */;
		};
/* End PBXTargetDependency section */

/* Begin PBXVariantGroup section */
		CC6413CD19ED76EB006566BA /* Main.storyboard */ = {
			isa = PBXVariantGroup;
			children = (
				CC6413CE19ED76EB006566BA /* Base */,
			);
			name = Main.storyboard;
			sourceTree = "<group>";
		};
		CC6413D219ED76EB006566BA /* LaunchScreen.xib */ = {
			isa = PBXVariantGroup;
			children = (
				CC6413D319ED76EB006566BA /* Base */,
			);
			name = LaunchScreen.xib;
			sourceTree = "<group>";
		};
/* End PBXVariantGroup section */

/* Begin XCBuildConfiguration section */
		CC6413E119ED76EB006566BA /* Debug */ = {
			isa = XCBuildConfiguration;
			buildSettings = {
				ALWAYS_SEARCH_USER_PATHS = NO;
				CLANG_CXX_LANGUAGE_STANDARD = "gnu++0x";
				CLANG_CXX_LIBRARY = "libc++";
				CLANG_ENABLE_MODULES = YES;
				CLANG_ENABLE_OBJC_ARC = YES;
				CLANG_WARN_BOOL_CONVERSION = YES;
				CLANG_WARN_CONSTANT_CONVERSION = YES;
				CLANG_WARN_DIRECT_OBJC_ISA_USAGE = YES_ERROR;
				CLANG_WARN_EMPTY_BODY = YES;
				CLANG_WARN_ENUM_CONVERSION = YES;
				CLANG_WARN_INT_CONVERSION = YES;
				CLANG_WARN_OBJC_ROOT_CLASS = YES_ERROR;
				CLANG_WARN_UNREACHABLE_CODE = YES;
				CLANG_WARN__DUPLICATE_METHOD_MATCH = YES;
				"CODE_SIGN_IDENTITY[sdk=iphoneos*]" = "iPhone Developer";
				COPY_PHASE_STRIP = NO;
				ENABLE_STRICT_OBJC_MSGSEND = YES;
				GCC_C_LANGUAGE_STANDARD = gnu99;
				GCC_DYNAMIC_NO_PIC = NO;
				GCC_OPTIMIZATION_LEVEL = 0;
				GCC_PREPROCESSOR_DEFINITIONS = (
					"DEBUG=1",
					"$(inherited)",
				);
				GCC_SYMBOLS_PRIVATE_EXTERN = NO;
				GCC_WARN_64_TO_32_BIT_CONVERSION = YES;
				GCC_WARN_ABOUT_RETURN_TYPE = YES_ERROR;
				GCC_WARN_UNDECLARED_SELECTOR = YES;
				GCC_WARN_UNINITIALIZED_AUTOS = YES_AGGRESSIVE;
				GCC_WARN_UNUSED_FUNCTION = YES;
				GCC_WARN_UNUSED_VARIABLE = YES;
				IPHONEOS_DEPLOYMENT_TARGET = 8.0;
				MTL_ENABLE_DEBUG_INFO = YES;
				ONLY_ACTIVE_ARCH = YES;
				SDKROOT = iphoneos;
			};
			name = Debug;
		};
		CC6413E219ED76EB006566BA /* Release */ = {
			isa = XCBuildConfiguration;
			buildSettings = {
				ALWAYS_SEARCH_USER_PATHS = NO;
				CLANG_CXX_LANGUAGE_STANDARD = "gnu++0x";
				CLANG_CXX_LIBRARY = "libc++";
				CLANG_ENABLE_MODULES = YES;
				CLANG_ENABLE_OBJC_ARC = YES;
				CLANG_WARN_BOOL_CONVERSION = YES;
				CLANG_WARN_CONSTANT_CONVERSION = YES;
				CLANG_WARN_DIRECT_OBJC_ISA_USAGE = YES_ERROR;
				CLANG_WARN_EMPTY_BODY = YES;
				CLANG_WARN_ENUM_CONVERSION = YES;
				CLANG_WARN_INT_CONVERSION = YES;
				CLANG_WARN_OBJC_ROOT_CLASS = YES_ERROR;
				CLANG_WARN_UNREACHABLE_CODE = YES;
				CLANG_WARN__DUPLICATE_METHOD_MATCH = YES;
				"CODE_SIGN_IDENTITY[sdk=iphoneos*]" = "iPhone Developer";
				COPY_PHASE_STRIP = YES;
				ENABLE_NS_ASSERTIONS = NO;
				ENABLE_STRICT_OBJC_MSGSEND = YES;
				GCC_C_LANGUAGE_STANDARD = gnu99;
				GCC_WARN_64_TO_32_BIT_CONVERSION = YES;
				GCC_WARN_ABOUT_RETURN_TYPE = YES_ERROR;
				GCC_WARN_UNDECLARED_SELECTOR = YES;
				GCC_WARN_UNINITIALIZED_AUTOS = YES_AGGRESSIVE;
				GCC_WARN_UNUSED_FUNCTION = YES;
				GCC_WARN_UNUSED_VARIABLE = YES;
				IPHONEOS_DEPLOYMENT_TARGET = 8.0;
				MTL_ENABLE_DEBUG_INFO = NO;
				SDKROOT = iphoneos;
				VALIDATE_PRODUCT = YES;
			};
			name = Release;
		};
		CC6413E419ED76EB006566BA /* Debug */ = {
			isa = XCBuildConfiguration;
			buildSettings = {
				ASSETCATALOG_COMPILER_APPICON_NAME = AppIcon;
				INFOPLIST_FILE = MobileMapper/Info.plist;
				LD_RUNPATH_SEARCH_PATHS = "$(inherited) @executable_path/Frameworks";
				PRODUCT_NAME = "$(TARGET_NAME)";
			};
			name = Debug;
		};
		CC6413E519ED76EB006566BA /* Release */ = {
			isa = XCBuildConfiguration;
			buildSettings = {
				ASSETCATALOG_COMPILER_APPICON_NAME = AppIcon;
				INFOPLIST_FILE = MobileMapper/Info.plist;
				LD_RUNPATH_SEARCH_PATHS = "$(inherited) @executable_path/Frameworks";
				PRODUCT_NAME = "$(TARGET_NAME)";
			};
			name = Release;
		};
		CC6413E719ED76EB006566BA /* Debug */ = {
			isa = XCBuildConfiguration;
			buildSettings = {
				BUNDLE_LOADER = "$(TEST_HOST)";
				FRAMEWORK_SEARCH_PATHS = (
					"$(SDKROOT)/Developer/Library/Frameworks",
					"$(inherited)",
				);
				GCC_PREPROCESSOR_DEFINITIONS = (
					"DEBUG=1",
					"$(inherited)",
				);
				INFOPLIST_FILE = MobileMapperTests/Info.plist;
				LD_RUNPATH_SEARCH_PATHS = "$(inherited) @executable_path/Frameworks @loader_path/Frameworks";
				PRODUCT_NAME = "$(TARGET_NAME)";
				TEST_HOST = "$(BUILT_PRODUCTS_DIR)/MobileMapper.app/MobileMapper";
			};
			name = Debug;
		};
		CC6413E819ED76EB006566BA /* Release */ = {
			isa = XCBuildConfiguration;
			buildSettings = {
				BUNDLE_LOADER = "$(TEST_HOST)";
				FRAMEWORK_SEARCH_PATHS = (
					"$(SDKROOT)/Developer/Library/Frameworks",
					"$(inherited)",
				);
				INFOPLIST_FILE = MobileMapperTests/Info.plist;
				LD_RUNPATH_SEARCH_PATHS = "$(inherited) @executable_path/Frameworks @loader_path/Frameworks";
				PRODUCT_NAME = "$(TARGET_NAME)";
				TEST_HOST = "$(BUILT_PRODUCTS_DIR)/MobileMapper.app/MobileMapper";
			};
			name = Release;
		};
/* End XCBuildConfiguration section */

/* Begin XCConfigurationList section */
		CC6413B819ED76EB006566BA /* Build configuration list for PBXProject "MobileMapper" */ = {
			isa = XCConfigurationList;
			buildConfigurations = (
				CC6413E119ED76EB006566BA /* Debug */,
				CC6413E219ED76EB006566BA /* Release */,
			);
			defaultConfigurationIsVisible = 0;
			defaultConfigurationName = Release;
		};
		CC6413E319ED76EB006566BA /* Build configuration list for PBXNativeTarget "MobileMapper" */ = {
			isa = XCConfigurationList;
			buildConfigurations = (
				CC6413E419ED76EB006566BA /* Debug */,
				CC6413E519ED76EB006566BA /* Release */,
			);
			defaultConfigurationIsVisible = 0;
		};
		CC6413E619ED76EB006566BA /* Build configuration list for PBXNativeTarget "MobileMapperTests" */ = {
			isa = XCConfigurationList;
			buildConfigurations = (
				CC6413E719ED76EB006566BA /* Debug */,
				CC6413E819ED76EB006566BA /* Release */,
			);
			defaultConfigurationIsVisible = 0;
		};
/* End XCConfigurationList section */

/* Begin XCVersionGroup section */
		CC6413C719ED76EB006566BA /* MobileMapper.xcdatamodeld */ = {
			isa = XCVersionGroup;
			children = (
				CC6413C819ED76EB006566BA /* MobileMapper.xcdatamodel */,
			);
			currentVersion = CC6413C819ED76EB006566BA /* MobileMapper.xcdatamodel */;
			path = MobileMapper.xcdatamodeld;
			sourceTree = "<group>";
			versionGroupType = wrapper.xcdatamodel;
		};
/* End XCVersionGroup section */
	};
	rootObject = CC6413B519ED76EB006566BA /* Project object */;
}
